
Microsoft Visual Studio Solution File, Format Version 12.00
# Visual Studio 14
VisualStudioVersion = 14.0.25420.1
MinimumVisualStudioVersion = 10.0.40219.1
Project("{FAE04EC0-301F-11D3-BF4B-00C04F79EFBC}") = "Model", "Model\Model.csproj", "{B9833B36-B7D9-4D89-9107-1EB53DA2FC3C}"
EndProject
Project("{FAE04EC0-301F-11D3-BF4B-00C04F79EFBC}") = "DAO", "DAO\DAO.csproj", "{E94C1E5A-1F1F-4642-B7F1-ABFCE1E3B87A}"
EndProject
Project("{FAE04EC0-301F-11D3-BF4B-00C04F79EFBC}") = "BLL", "BLL\BLL.csproj", "{2258F79D-9435-473E-9888-C21B43B19940}"
EndProject
Project("{FAE04EC0-301F-11D3-BF4B-00C04F79EFBC}") = "GedScannerMVC", "GedScannerMVC\GedScannerMVC.csproj", "{800E53F9-FE66-40A6-96EA-341A0BEFDAAD}"
EndProject
Project("{FAE04EC0-301F-11D3-BF4B-00C04F79EFBC}") = "Ged", "Ged\Ged.csproj", "{4CA38DD5-1043-4BFB-AE90-9B5F333B7A7F}"
EndProject
Global
	GlobalSection(SolutionConfigurationPlatforms) = preSolution
		Ad-Hoc|Any CPU = Ad-Hoc|Any CPU
		Ad-Hoc|ARM = Ad-Hoc|ARM
		Ad-Hoc|iPhone = Ad-Hoc|iPhone
		Ad-Hoc|iPhoneSimulator = Ad-Hoc|iPhoneSimulator
		Ad-Hoc|x64 = Ad-Hoc|x64
		Ad-Hoc|x86 = Ad-Hoc|x86
		AppStore|Any CPU = AppStore|Any CPU
		AppStore|ARM = AppStore|ARM
		AppStore|iPhone = AppStore|iPhone
		AppStore|iPhoneSimulator = AppStore|iPhoneSimulator
		AppStore|x64 = AppStore|x64
		AppStore|x86 = AppStore|x86
		Debug|Any CPU = Debug|Any CPU
		Debug|ARM = Debug|ARM
		Debug|iPhone = Debug|iPhone
		Debug|iPhoneSimulator = Debug|iPhoneSimulator
		Debug|x64 = Debug|x64
		Debug|x86 = Debug|x86
		Release|Any CPU = Release|Any CPU
		Release|ARM = Release|ARM
		Release|iPhone = Release|iPhone
		Release|iPhoneSimulator = Release|iPhoneSimulator
		Release|x64 = Release|x64
		Release|x86 = Release|x86
	EndGlobalSection
	GlobalSection(ProjectConfigurationPlatforms) = postSolution
		{B9833B36-B7D9-4D89-9107-1EB53DA2FC3C}.Ad-Hoc|Any CPU.ActiveCfg = Release|Any CPU
		{B9833B36-B7D9-4D89-9107-1EB53DA2FC3C}.Ad-Hoc|Any CPU.Build.0 = Release|Any CPU
		{B9833B36-B7D9-4D89-9107-1EB53DA2FC3C}.Ad-Hoc|ARM.ActiveCfg = Release|Any CPU
		{B9833B36-B7D9-4D89-9107-1EB53DA2FC3C}.Ad-Hoc|ARM.Build.0 = Release|Any CPU
		{B9833B36-B7D9-4D89-9107-1EB53DA2FC3C}.Ad-Hoc|iPhone.ActiveCfg = Release|Any CPU
		{B9833B36-B7D9-4D89-9107-1EB53DA2FC3C}.Ad-Hoc|iPhone.Build.0 = Release|Any CPU
		{B9833B36-B7D9-4D89-9107-1EB53DA2FC3C}.Ad-Hoc|iPhoneSimulator.ActiveCfg = Release|Any CPU
		{B9833B36-B7D9-4D89-9107-1EB53DA2FC3C}.Ad-Hoc|iPhoneSimulator.Build.0 = Release|Any CPU
		{B9833B36-B7D9-4D89-9107-1EB53DA2FC3C}.Ad-Hoc|x64.ActiveCfg = Release|Any CPU
		{B9833B36-B7D9-4D89-9107-1EB53DA2FC3C}.Ad-Hoc|x64.Build.0 = Release|Any CPU
		{B9833B36-B7D9-4D89-9107-1EB53DA2FC3C}.Ad-Hoc|x86.ActiveCfg = Release|Any CPU
		{B9833B36-B7D9-4D89-9107-1EB53DA2FC3C}.Ad-Hoc|x86.Build.0 = Release|Any CPU
		{B9833B36-B7D9-4D89-9107-1EB53DA2FC3C}.AppStore|Any CPU.ActiveCfg = Release|Any CPU
		{B9833B36-B7D9-4D89-9107-1EB53DA2FC3C}.AppStore|Any CPU.Build.0 = Release|Any CPU
		{B9833B36-B7D9-4D89-9107-1EB53DA2FC3C}.AppStore|ARM.ActiveCfg = Release|Any CPU
		{B9833B36-B7D9-4D89-9107-1EB53DA2FC3C}.AppStore|ARM.Build.0 = Release|Any CPU
		{B9833B36-B7D9-4D89-9107-1EB53DA2FC3C}.AppStore|iPhone.ActiveCfg = Release|Any CPU
		{B9833B36-B7D9-4D89-9107-1EB53DA2FC3C}.AppStore|iPhone.Build.0 = Release|Any CPU
		{B9833B36-B7D9-4D89-9107-1EB53DA2FC3C}.AppStore|iPhoneSimulator.ActiveCfg = Release|Any CPU
		{B9833B36-B7D9-4D89-9107-1EB53DA2FC3C}.AppStore|iPhoneSimulator.Build.0 = Release|Any CPU
		{B9833B36-B7D9-4D89-9107-1EB53DA2FC3C}.AppStore|x64.ActiveCfg = Release|Any CPU
		{B9833B36-B7D9-4D89-9107-1EB53DA2FC3C}.AppStore|x64.Build.0 = Release|Any CPU
		{B9833B36-B7D9-4D89-9107-1EB53DA2FC3C}.AppStore|x86.ActiveCfg = Release|Any CPU
		{B9833B36-B7D9-4D89-9107-1EB53DA2FC3C}.AppStore|x86.Build.0 = Release|Any CPU
		{B9833B36-B7D9-4D89-9107-1EB53DA2FC3C}.Debug|Any CPU.ActiveCfg = Debug|Any CPU
		{B9833B36-B7D9-4D89-9107-1EB53DA2FC3C}.Debug|Any CPU.Build.0 = Debug|Any CPU
		{B9833B36-B7D9-4D89-9107-1EB53DA2FC3C}.Debug|ARM.ActiveCfg = Debug|Any CPU
		{B9833B36-B7D9-4D89-9107-1EB53DA2FC3C}.Debug|ARM.Build.0 = Debug|Any CPU
		{B9833B36-B7D9-4D89-9107-1EB53DA2FC3C}.Debug|iPhone.ActiveCfg = Debug|Any CPU
		{B9833B36-B7D9-4D89-9107-1EB53DA2FC3C}.Debug|iPhone.Build.0 = Debug|Any CPU
		{B9833B36-B7D9-4D89-9107-1EB53DA2FC3C}.Debug|iPhoneSimulator.ActiveCfg = Debug|Any CPU
		{B9833B36-B7D9-4D89-9107-1EB53DA2FC3C}.Debug|iPhoneSimulator.Build.0 = Debug|Any CPU
		{B9833B36-B7D9-4D89-9107-1EB53DA2FC3C}.Debug|x64.ActiveCfg = Debug|Any CPU
		{B9833B36-B7D9-4D89-9107-1EB53DA2FC3C}.Debug|x64.Build.0 = Debug|Any CPU
		{B9833B36-B7D9-4D89-9107-1EB53DA2FC3C}.Debug|x86.ActiveCfg = Debug|Any CPU
		{B9833B36-B7D9-4D89-9107-1EB53DA2FC3C}.Debug|x86.Build.0 = Debug|Any CPU
		{B9833B36-B7D9-4D89-9107-1EB53DA2FC3C}.Release|Any CPU.ActiveCfg = Release|Any CPU
		{B9833B36-B7D9-4D89-9107-1EB53DA2FC3C}.Release|Any CPU.Build.0 = Release|Any CPU
		{B9833B36-B7D9-4D89-9107-1EB53DA2FC3C}.Release|ARM.ActiveCfg = Release|Any CPU
		{B9833B36-B7D9-4D89-9107-1EB53DA2FC3C}.Release|ARM.Build.0 = Release|Any CPU
		{B9833B36-B7D9-4D89-9107-1EB53DA2FC3C}.Release|iPhone.ActiveCfg = Release|Any CPU
		{B9833B36-B7D9-4D89-9107-1EB53DA2FC3C}.Release|iPhone.Build.0 = Release|Any CPU
		{B9833B36-B7D9-4D89-9107-1EB53DA2FC3C}.Release|iPhoneSimulator.ActiveCfg = Release|Any CPU
		{B9833B36-B7D9-4D89-9107-1EB53DA2FC3C}.Release|iPhoneSimulator.Build.0 = Release|Any CPU
		{B9833B36-B7D9-4D89-9107-1EB53DA2FC3C}.Release|x64.ActiveCfg = Release|Any CPU
		{B9833B36-B7D9-4D89-9107-1EB53DA2FC3C}.Release|x64.Build.0 = Release|Any CPU
		{B9833B36-B7D9-4D89-9107-1EB53DA2FC3C}.Release|x86.ActiveCfg = Release|Any CPU
		{B9833B36-B7D9-4D89-9107-1EB53DA2FC3C}.Release|x86.Build.0 = Release|Any CPU
		{E94C1E5A-1F1F-4642-B7F1-ABFCE1E3B87A}.Ad-Hoc|Any CPU.ActiveCfg = Release|Any CPU
		{E94C1E5A-1F1F-4642-B7F1-ABFCE1E3B87A}.Ad-Hoc|Any CPU.Build.0 = Release|Any CPU
		{E94C1E5A-1F1F-4642-B7F1-ABFCE1E3B87A}.Ad-Hoc|ARM.ActiveCfg = Release|Any CPU
		{E94C1E5A-1F1F-4642-B7F1-ABFCE1E3B87A}.Ad-Hoc|ARM.Build.0 = Release|Any CPU
		{E94C1E5A-1F1F-4642-B7F1-ABFCE1E3B87A}.Ad-Hoc|iPhone.ActiveCfg = Release|Any CPU
		{E94C1E5A-1F1F-4642-B7F1-ABFCE1E3B87A}.Ad-Hoc|iPhone.Build.0 = Release|Any CPU
		{E94C1E5A-1F1F-4642-B7F1-ABFCE1E3B87A}.Ad-Hoc|iPhoneSimulator.ActiveCfg = Release|Any CPU
		{E94C1E5A-1F1F-4642-B7F1-ABFCE1E3B87A}.Ad-Hoc|iPhoneSimulator.Build.0 = Release|Any CPU
		{E94C1E5A-1F1F-4642-B7F1-ABFCE1E3B87A}.Ad-Hoc|x64.ActiveCfg = Release|Any CPU
		{E94C1E5A-1F1F-4642-B7F1-ABFCE1E3B87A}.Ad-Hoc|x64.Build.0 = Release|Any CPU
		{E94C1E5A-1F1F-4642-B7F1-ABFCE1E3B87A}.Ad-Hoc|x86.ActiveCfg = Release|Any CPU
		{E94C1E5A-1F1F-4642-B7F1-ABFCE1E3B87A}.Ad-Hoc|x86.Build.0 = Release|Any CPU
		{E94C1E5A-1F1F-4642-B7F1-ABFCE1E3B87A}.AppStore|Any CPU.ActiveCfg = Release|Any CPU
		{E94C1E5A-1F1F-4642-B7F1-ABFCE1E3B87A}.AppStore|Any CPU.Build.0 = Release|Any CPU
		{E94C1E5A-1F1F-4642-B7F1-ABFCE1E3B87A}.AppStore|ARM.ActiveCfg = Release|Any CPU
		{E94C1E5A-1F1F-4642-B7F1-ABFCE1E3B87A}.AppStore|ARM.Build.0 = Release|Any CPU
		{E94C1E5A-1F1F-4642-B7F1-ABFCE1E3B87A}.AppStore|iPhone.ActiveCfg = Release|Any CPU
		{E94C1E5A-1F1F-4642-B7F1-ABFCE1E3B87A}.AppStore|iPhone.Build.0 = Release|Any CPU
		{E94C1E5A-1F1F-4642-B7F1-ABFCE1E3B87A}.AppStore|iPhoneSimulator.ActiveCfg = Release|Any CPU
		{E94C1E5A-1F1F-4642-B7F1-ABFCE1E3B87A}.AppStore|iPhoneSimulator.Build.0 = Release|Any CPU
		{E94C1E5A-1F1F-4642-B7F1-ABFCE1E3B87A}.AppStore|x64.ActiveCfg = Release|Any CPU
		{E94C1E5A-1F1F-4642-B7F1-ABFCE1E3B87A}.AppStore|x64.Build.0 = Release|Any CPU
		{E94C1E5A-1F1F-4642-B7F1-ABFCE1E3B87A}.AppStore|x86.ActiveCfg = Release|Any CPU
		{E94C1E5A-1F1F-4642-B7F1-ABFCE1E3B87A}.AppStore|x86.Build.0 = Release|Any CPU
		{E94C1E5A-1F1F-4642-B7F1-ABFCE1E3B87A}.Debug|Any CPU.ActiveCfg = Debug|Any CPU
		{E94C1E5A-1F1F-4642-B7F1-ABFCE1E3B87A}.Debug|Any CPU.Build.0 = Debug|Any CPU
		{E94C1E5A-1F1F-4642-B7F1-ABFCE1E3B87A}.Debug|ARM.ActiveCfg = Debug|Any CPU
		{E94C1E5A-1F1F-4642-B7F1-ABFCE1E3B87A}.Debug|ARM.Build.0 = Debug|Any CPU
		{E94C1E5A-1F1F-4642-B7F1-ABFCE1E3B87A}.Debug|iPhone.ActiveCfg = Debug|Any CPU
		{E94C1E5A-1F1F-4642-B7F1-ABFCE1E3B87A}.Debug|iPhone.Build.0 = Debug|Any CPU
		{E94C1E5A-1F1F-4642-B7F1-ABFCE1E3B87A}.Debug|iPhoneSimulator.ActiveCfg = Debug|Any CPU
		{E94C1E5A-1F1F-4642-B7F1-ABFCE1E3B87A}.Debug|iPhoneSimulator.Build.0 = Debug|Any CPU
		{E94C1E5A-1F1F-4642-B7F1-ABFCE1E3B87A}.Debug|x64.ActiveCfg = Debug|Any CPU
		{E94C1E5A-1F1F-4642-B7F1-ABFCE1E3B87A}.Debug|x64.Build.0 = Debug|Any CPU
		{E94C1E5A-1F1F-4642-B7F1-ABFCE1E3B87A}.Debug|x86.ActiveCfg = Debug|Any CPU
		{E94C1E5A-1F1F-4642-B7F1-ABFCE1E3B87A}.Debug|x86.Build.0 = Debug|Any CPU
		{E94C1E5A-1F1F-4642-B7F1-ABFCE1E3B87A}.Release|Any CPU.ActiveCfg = Release|Any CPU
		{E94C1E5A-1F1F-4642-B7F1-ABFCE1E3B87A}.Release|Any CPU.Build.0 = Release|Any CPU
		{E94C1E5A-1F1F-4642-B7F1-ABFCE1E3B87A}.Release|ARM.ActiveCfg = Release|Any CPU
		{E94C1E5A-1F1F-4642-B7F1-ABFCE1E3B87A}.Release|ARM.Build.0 = Release|Any CPU
		{E94C1E5A-1F1F-4642-B7F1-ABFCE1E3B87A}.Release|iPhone.ActiveCfg = Release|Any CPU
		{E94C1E5A-1F1F-4642-B7F1-ABFCE1E3B87A}.Release|iPhone.Build.0 = Release|Any CPU
		{E94C1E5A-1F1F-4642-B7F1-ABFCE1E3B87A}.Release|iPhoneSimulator.ActiveCfg = Release|Any CPU
		{E94C1E5A-1F1F-4642-B7F1-ABFCE1E3B87A}.Release|iPhoneSimulator.Build.0 = Release|Any CPU
		{E94C1E5A-1F1F-4642-B7F1-ABFCE1E3B87A}.Release|x64.ActiveCfg = Release|Any CPU
		{E94C1E5A-1F1F-4642-B7F1-ABFCE1E3B87A}.Release|x64.Build.0 = Release|Any CPU
		{E94C1E5A-1F1F-4642-B7F1-ABFCE1E3B87A}.Release|x86.ActiveCfg = Release|Any CPU
		{E94C1E5A-1F1F-4642-B7F1-ABFCE1E3B87A}.Release|x86.Build.0 = Release|Any CPU
		{2258F79D-9435-473E-9888-C21B43B19940}.Ad-Hoc|Any CPU.ActiveCfg = Release|Any CPU
		{2258F79D-9435-473E-9888-C21B43B19940}.Ad-Hoc|Any CPU.Build.0 = Release|Any CPU
		{2258F79D-9435-473E-9888-C21B43B19940}.Ad-Hoc|ARM.ActiveCfg = Release|Any CPU
		{2258F79D-9435-473E-9888-C21B43B19940}.Ad-Hoc|ARM.Build.0 = Release|Any CPU
		{2258F79D-9435-473E-9888-C21B43B19940}.Ad-Hoc|iPhone.ActiveCfg = Release|Any CPU
		{2258F79D-9435-473E-9888-C21B43B19940}.Ad-Hoc|iPhone.Build.0 = Release|Any CPU
		{2258F79D-9435-473E-9888-C21B43B19940}.Ad-Hoc|iPhoneSimulator.ActiveCfg = Release|Any CPU
		{2258F79D-9435-473E-9888-C21B43B19940}.Ad-Hoc|iPhoneSimulator.Build.0 = Release|Any CPU
		{2258F79D-9435-473E-9888-C21B43B19940}.Ad-Hoc|x64.ActiveCfg = Release|Any CPU
		{2258F79D-9435-473E-9888-C21B43B19940}.Ad-Hoc|x64.Build.0 = Release|Any CPU
		{2258F79D-9435-473E-9888-C21B43B19940}.Ad-Hoc|x86.ActiveCfg = Release|Any CPU
		{2258F79D-9435-473E-9888-C21B43B19940}.Ad-Hoc|x86.Build.0 = Release|Any CPU
		{2258F79D-9435-473E-9888-C21B43B19940}.AppStore|Any CPU.ActiveCfg = Release|Any CPU
		{2258F79D-9435-473E-9888-C21B43B19940}.AppStore|Any CPU.Build.0 = Release|Any CPU
		{2258F79D-9435-473E-9888-C21B43B19940}.AppStore|ARM.ActiveCfg = Release|Any CPU
		{2258F79D-9435-473E-9888-C21B43B19940}.AppStore|ARM.Build.0 = Release|Any CPU
		{2258F79D-9435-473E-9888-C21B43B19940}.AppStore|iPhone.ActiveCfg = Release|Any CPU
		{2258F79D-9435-473E-9888-C21B43B19940}.AppStore|iPhone.Build.0 = Release|Any CPU
		{2258F79D-9435-473E-9888-C21B43B19940}.AppStore|iPhoneSimulator.ActiveCfg = Release|Any CPU
		{2258F79D-9435-473E-9888-C21B43B19940}.AppStore|iPhoneSimulator.Build.0 = Release|Any CPU
		{2258F79D-9435-473E-9888-C21B43B19940}.AppStore|x64.ActiveCfg = Release|Any CPU
		{2258F79D-9435-473E-9888-C21B43B19940}.AppStore|x64.Build.0 = Release|Any CPU
		{2258F79D-9435-473E-9888-C21B43B19940}.AppStore|x86.ActiveCfg = Release|Any CPU
		{2258F79D-9435-473E-9888-C21B43B19940}.AppStore|x86.Build.0 = Release|Any CPU
		{2258F79D-9435-473E-9888-C21B43B19940}.Debug|Any CPU.ActiveCfg = Debug|Any CPU
		{2258F79D-9435-473E-9888-C21B43B19940}.Debug|Any CPU.Build.0 = Debug|Any CPU
		{2258F79D-9435-473E-9888-C21B43B19940}.Debug|ARM.ActiveCfg = Debug|Any CPU
		{2258F79D-9435-473E-9888-C21B43B19940}.Debug|ARM.Build.0 = Debug|Any CPU
		{2258F79D-9435-473E-9888-C21B43B19940}.Debug|iPhone.ActiveCfg = Debug|Any CPU
		{2258F79D-9435-473E-9888-C21B43B19940}.Debug|iPhone.Build.0 = Debug|Any CPU
		{2258F79D-9435-473E-9888-C21B43B19940}.Debug|iPhoneSimulator.ActiveCfg = Debug|Any CPU
		{2258F79D-9435-473E-9888-C21B43B19940}.Debug|iPhoneSimulator.Build.0 = Debug|Any CPU
		{2258F79D-9435-473E-9888-C21B43B19940}.Debug|x64.ActiveCfg = Debug|Any CPU
		{2258F79D-9435-473E-9888-C21B43B19940}.Debug|x64.Build.0 = Debug|Any CPU
		{2258F79D-9435-473E-9888-C21B43B19940}.Debug|x86.ActiveCfg = Debug|Any CPU
		{2258F79D-9435-473E-9888-C21B43B19940}.Debug|x86.Build.0 = Debug|Any CPU
		{2258F79D-9435-473E-9888-C21B43B19940}.Release|Any CPU.ActiveCfg = Release|Any CPU
		{2258F79D-9435-473E-9888-C21B43B19940}.Release|Any CPU.Build.0 = Release|Any CPU
		{2258F79D-9435-473E-9888-C21B43B19940}.Release|ARM.ActiveCfg = Release|Any CPU
		{2258F79D-9435-473E-9888-C21B43B19940}.Release|ARM.Build.0 = Release|Any CPU
		{2258F79D-9435-473E-9888-C21B43B19940}.Release|iPhone.ActiveCfg = Release|Any CPU
		{2258F79D-9435-473E-9888-C21B43B19940}.Release|iPhone.Build.0 = Release|Any CPU
		{2258F79D-9435-473E-9888-C21B43B19940}.Release|iPhoneSimulator.ActiveCfg = Release|Any CPU
		{2258F79D-9435-473E-9888-C21B43B19940}.Release|iPhoneSimulator.Build.0 = Release|Any CPU
		{2258F79D-9435-473E-9888-C21B43B19940}.Release|x64.ActiveCfg = Release|Any CPU
		{2258F79D-9435-473E-9888-C21B43B19940}.Release|x64.Build.0 = Release|Any CPU
		{2258F79D-9435-473E-9888-C21B43B19940}.Release|x86.ActiveCfg = Release|Any CPU
		{2258F79D-9435-473E-9888-C21B43B19940}.Release|x86.Build.0 = Release|Any CPU
		{800E53F9-FE66-40A6-96EA-341A0BEFDAAD}.Ad-Hoc|Any CPU.ActiveCfg = Release|Any CPU
		{800E53F9-FE66-40A6-96EA-341A0BEFDAAD}.Ad-Hoc|Any CPU.Build.0 = Release|Any CPU
		{800E53F9-FE66-40A6-96EA-341A0BEFDAAD}.Ad-Hoc|ARM.ActiveCfg = Release|Any CPU
		{800E53F9-FE66-40A6-96EA-341A0BEFDAAD}.Ad-Hoc|ARM.Build.0 = Release|Any CPU
		{800E53F9-FE66-40A6-96EA-341A0BEFDAAD}.Ad-Hoc|iPhone.ActiveCfg = Release|Any CPU
		{800E53F9-FE66-40A6-96EA-341A0BEFDAAD}.Ad-Hoc|iPhone.Build.0 = Release|Any CPU
		{800E53F9-FE66-40A6-96EA-341A0BEFDAAD}.Ad-Hoc|iPhoneSimulator.ActiveCfg = Release|Any CPU
		{800E53F9-FE66-40A6-96EA-341A0BEFDAAD}.Ad-Hoc|iPhoneSimulator.Build.0 = Release|Any CPU
		{800E53F9-FE66-40A6-96EA-341A0BEFDAAD}.Ad-Hoc|x64.ActiveCfg = Release|Any CPU
		{800E53F9-FE66-40A6-96EA-341A0BEFDAAD}.Ad-Hoc|x64.Build.0 = Release|Any CPU
		{800E53F9-FE66-40A6-96EA-341A0BEFDAAD}.Ad-Hoc|x86.ActiveCfg = Release|Any CPU
		{800E53F9-FE66-40A6-96EA-341A0BEFDAAD}.Ad-Hoc|x86.Build.0 = Release|Any CPU
		{800E53F9-FE66-40A6-96EA-341A0BEFDAAD}.AppStore|Any CPU.ActiveCfg = Release|Any CPU
		{800E53F9-FE66-40A6-96EA-341A0BEFDAAD}.AppStore|Any CPU.Build.0 = Release|Any CPU
		{800E53F9-FE66-40A6-96EA-341A0BEFDAAD}.AppStore|ARM.ActiveCfg = Release|Any CPU
		{800E53F9-FE66-40A6-96EA-341A0BEFDAAD}.AppStore|ARM.Build.0 = Release|Any CPU
		{800E53F9-FE66-40A6-96EA-341A0BEFDAAD}.AppStore|iPhone.ActiveCfg = Release|Any CPU
		{800E53F9-FE66-40A6-96EA-341A0BEFDAAD}.AppStore|iPhone.Build.0 = Release|Any CPU
		{800E53F9-FE66-40A6-96EA-341A0BEFDAAD}.AppStore|iPhoneSimulator.ActiveCfg = Release|Any CPU
		{800E53F9-FE66-40A6-96EA-341A0BEFDAAD}.AppStore|iPhoneSimulator.Build.0 = Release|Any CPU
		{800E53F9-FE66-40A6-96EA-341A0BEFDAAD}.AppStore|x64.ActiveCfg = Release|Any CPU
		{800E53F9-FE66-40A6-96EA-341A0BEFDAAD}.AppStore|x64.Build.0 = Release|Any CPU
		{800E53F9-FE66-40A6-96EA-341A0BEFDAAD}.AppStore|x86.ActiveCfg = Release|Any CPU
		{800E53F9-FE66-40A6-96EA-341A0BEFDAAD}.AppStore|x86.Build.0 = Release|Any CPU
		{800E53F9-FE66-40A6-96EA-341A0BEFDAAD}.Debug|Any CPU.ActiveCfg = Debug|Any CPU
		{800E53F9-FE66-40A6-96EA-341A0BEFDAAD}.Debug|Any CPU.Build.0 = Debug|Any CPU
		{800E53F9-FE66-40A6-96EA-341A0BEFDAAD}.Debug|ARM.ActiveCfg = Debug|Any CPU
		{800E53F9-FE66-40A6-96EA-341A0BEFDAAD}.Debug|ARM.Build.0 = Debug|Any CPU
		{800E53F9-FE66-40A6-96EA-341A0BEFDAAD}.Debug|iPhone.ActiveCfg = Debug|Any CPU
		{800E53F9-FE66-40A6-96EA-341A0BEFDAAD}.Debug|iPhone.Build.0 = Debug|Any CPU
		{800E53F9-FE66-40A6-96EA-341A0BEFDAAD}.Debug|iPhoneSimulator.ActiveCfg = Debug|Any CPU
		{800E53F9-FE66-40A6-96EA-341A0BEFDAAD}.Debug|iPhoneSimulator.Build.0 = Debug|Any CPU
		{800E53F9-FE66-40A6-96EA-341A0BEFDAAD}.Debug|x64.ActiveCfg = Debug|Any CPU
		{800E53F9-FE66-40A6-96EA-341A0BEFDAAD}.Debug|x64.Build.0 = Debug|Any CPU
		{800E53F9-FE66-40A6-96EA-341A0BEFDAAD}.Debug|x86.ActiveCfg = Debug|Any CPU
		{800E53F9-FE66-40A6-96EA-341A0BEFDAAD}.Debug|x86.Build.0 = Debug|Any CPU
		{800E53F9-FE66-40A6-96EA-341A0BEFDAAD}.Release|Any CPU.ActiveCfg = Release|Any CPU
		{800E53F9-FE66-40A6-96EA-341A0BEFDAAD}.Release|Any CPU.Build.0 = Release|Any CPU
		{800E53F9-FE66-40A6-96EA-341A0BEFDAAD}.Release|ARM.ActiveCfg = Release|Any CPU
		{800E53F9-FE66-40A6-96EA-341A0BEFDAAD}.Release|ARM.Build.0 = Release|Any CPU
		{800E53F9-FE66-40A6-96EA-341A0BEFDAAD}.Release|iPhone.ActiveCfg = Release|Any CPU
		{800E53F9-FE66-40A6-96EA-341A0BEFDAAD}.Release|iPhone.Build.0 = Release|Any CPU
		{800E53F9-FE66-40A6-96EA-341A0BEFDAAD}.Release|iPhoneSimulator.ActiveCfg = Release|Any CPU
		{800E53F9-FE66-40A6-96EA-341A0BEFDAAD}.Release|iPhoneSimulator.Build.0 = Release|Any CPU
		{800E53F9-FE66-40A6-96EA-341A0BEFDAAD}.Release|x64.ActiveCfg = Release|Any CPU
		{800E53F9-FE66-40A6-96EA-341A0BEFDAAD}.Release|x64.Build.0 = Release|Any CPU
		{800E53F9-FE66-40A6-96EA-341A0BEFDAAD}.Release|x86.ActiveCfg = Release|Any CPU
		{800E53F9-FE66-40A6-96EA-341A0BEFDAAD}.Release|x86.Build.0 = Release|Any CPU
		{4CA38DD5-1043-4BFB-AE90-9B5F333B7A7F}.Ad-Hoc|Any CPU.ActiveCfg = Release|Any CPU
		{4CA38DD5-1043-4BFB-AE90-9B5F333B7A7F}.Ad-Hoc|Any CPU.Build.0 = Release|Any CPU
		{4CA38DD5-1043-4BFB-AE90-9B5F333B7A7F}.Ad-Hoc|ARM.ActiveCfg = Release|Any CPU
		{4CA38DD5-1043-4BFB-AE90-9B5F333B7A7F}.Ad-Hoc|ARM.Build.0 = Release|Any CPU
		{4CA38DD5-1043-4BFB-AE90-9B5F333B7A7F}.Ad-Hoc|iPhone.ActiveCfg = Release|Any CPU
		{4CA38DD5-1043-4BFB-AE90-9B5F333B7A7F}.Ad-Hoc|iPhone.Build.0 = Release|Any CPU
		{4CA38DD5-1043-4BFB-AE90-9B5F333B7A7F}.Ad-Hoc|iPhoneSimulator.ActiveCfg = Release|Any CPU
		{4CA38DD5-1043-4BFB-AE90-9B5F333B7A7F}.Ad-Hoc|iPhoneSimulator.Build.0 = Release|Any CPU
		{4CA38DD5-1043-4BFB-AE90-9B5F333B7A7F}.Ad-Hoc|x64.ActiveCfg = Release|Any CPU
		{4CA38DD5-1043-4BFB-AE90-9B5F333B7A7F}.Ad-Hoc|x64.Build.0 = Release|Any CPU
		{4CA38DD5-1043-4BFB-AE90-9B5F333B7A7F}.Ad-Hoc|x86.ActiveCfg = Release|Any CPU
		{4CA38DD5-1043-4BFB-AE90-9B5F333B7A7F}.Ad-Hoc|x86.Build.0 = Release|Any CPU
		{4CA38DD5-1043-4BFB-AE90-9B5F333B7A7F}.AppStore|Any CPU.ActiveCfg = Release|Any CPU
		{4CA38DD5-1043-4BFB-AE90-9B5F333B7A7F}.AppStore|Any CPU.Build.0 = Release|Any CPU
		{4CA38DD5-1043-4BFB-AE90-9B5F333B7A7F}.AppStore|ARM.ActiveCfg = Release|Any CPU
		{4CA38DD5-1043-4BFB-AE90-9B5F333B7A7F}.AppStore|ARM.Build.0 = Release|Any CPU
		{4CA38DD5-1043-4BFB-AE90-9B5F333B7A7F}.AppStore|iPhone.ActiveCfg = Release|Any CPU
		{4CA38DD5-1043-4BFB-AE90-9B5F333B7A7F}.AppStore|iPhone.Build.0 = Release|Any CPU
		{4CA38DD5-1043-4BFB-AE90-9B5F333B7A7F}.AppStore|iPhoneSimulator.ActiveCfg = Release|Any CPU
		{4CA38DD5-1043-4BFB-AE90-9B5F333B7A7F}.AppStore|iPhoneSimulator.Build.0 = Release|Any CPU
		{4CA38DD5-1043-4BFB-AE90-9B5F333B7A7F}.AppStore|x64.ActiveCfg = Release|Any CPU
		{4CA38DD5-1043-4BFB-AE90-9B5F333B7A7F}.AppStore|x64.Build.0 = Release|Any CPU
		{4CA38DD5-1043-4BFB-AE90-9B5F333B7A7F}.AppStore|x86.ActiveCfg = Release|Any CPU
		{4CA38DD5-1043-4BFB-AE90-9B5F333B7A7F}.AppStore|x86.Build.0 = Release|Any CPU
		{4CA38DD5-1043-4BFB-AE90-9B5F333B7A7F}.Debug|Any CPU.ActiveCfg = Debug|Any CPU
		{4CA38DD5-1043-4BFB-AE90-9B5F333B7A7F}.Debug|Any CPU.Build.0 = Debug|Any CPU
		{4CA38DD5-1043-4BFB-AE90-9B5F333B7A7F}.Debug|ARM.ActiveCfg = Debug|Any CPU
		{4CA38DD5-1043-4BFB-AE90-9B5F333B7A7F}.Debug|ARM.Build.0 = Debug|Any CPU
		{4CA38DD5-1043-4BFB-AE90-9B5F333B7A7F}.Debug|iPhone.ActiveCfg = Debug|Any CPU
		{4CA38DD5-1043-4BFB-AE90-9B5F333B7A7F}.Debug|iPhone.Build.0 = Debug|Any CPU
		{4CA38DD5-1043-4BFB-AE90-9B5F333B7A7F}.Debug|iPhoneSimulator.ActiveCfg = Debug|Any CPU
		{4CA38DD5-1043-4BFB-AE90-9B5F333B7A7F}.Debug|iPhoneSimulator.Build.0 = Debug|Any CPU
		{4CA38DD5-1043-4BFB-AE90-9B5F333B7A7F}.Debug|x64.ActiveCfg = Debug|Any CPU
		{4CA38DD5-1043-4BFB-AE90-9B5F333B7A7F}.Debug|x64.Build.0 = Debug|Any CPU
		{4CA38DD5-1043-4BFB-AE90-9B5F333B7A7F}.Debug|x86.ActiveCfg = Debug|Any CPU
		{4CA38DD5-1043-4BFB-AE90-9B5F333B7A7F}.Debug|x86.Build.0 = Debug|Any CPU
		{4CA38DD5-1043-4BFB-AE90-9B5F333B7A7F}.Release|Any CPU.ActiveCfg = Release|Any CPU
		{4CA38DD5-1043-4BFB-AE90-9B5F333B7A7F}.Release|Any CPU.Build.0 = Release|Any CPU
		{4CA38DD5-1043-4BFB-AE90-9B5F333B7A7F}.Release|ARM.ActiveCfg = Release|Any CPU
		{4CA38DD5-1043-4BFB-AE90-9B5F333B7A7F}.Release|ARM.Build.0 = Release|Any CPU
		{4CA38DD5-1043-4BFB-AE90-9B5F333B7A7F}.Release|iPhone.ActiveCfg = Release|Any CPU
		{4CA38DD5-1043-4BFB-AE90-9B5F333B7A7F}.Release|iPhone.Build.0 = Release|Any CPU
		{4CA38DD5-1043-4BFB-AE90-9B5F333B7A7F}.Release|iPhoneSimulator.ActiveCfg = Release|Any CPU
		{4CA38DD5-1043-4BFB-AE90-9B5F333B7A7F}.Release|iPhoneSimulator.Build.0 = Release|Any CPU
		{4CA38DD5-1043-4BFB-AE90-9B5F333B7A7F}.Release|x64.ActiveCfg = Release|Any CPU
		{4CA38DD5-1043-4BFB-AE90-9B5F333B7A7F}.Release|x64.Build.0 = Release|Any CPU
		{4CA38DD5-1043-4BFB-AE90-9B5F333B7A7F}.Release|x86.ActiveCfg = Release|Any CPU
		{4CA38DD5-1043-4BFB-AE90-9B5F333B7A7F}.Release|x86.Build.0 = Release|Any CPU
	EndGlobalSection
	GlobalSection(SolutionProperties) = preSolution
		HideSolutionNode = FALSE
	EndGlobalSection
	GlobalSection(ExtensibilityGlobals) = postSolution
		SolutionGuid = {412503B9-CF8A-4134-821D-5E5F3833EAB1}
	EndGlobalSection
EndGlobal
